
Microsoft Visual Studio Solution File, Format Version 12.00
# Visual Studio 15
VisualStudioVersion = 15.0.28307.757
MinimumVisualStudioVersion = 10.0.40219.1
Project("{FAE04EC0-301F-11D3-BF4B-00C04F79EFBC}") = "MyFirstFizzBuzzTests", "MyFirstFizzBuzzTests\MyFirstFizzBuzzTests.csproj", "{9629CF8B-F06E-491B-BAC4-075141CA0AEF}"
EndProject
Project("{FAE04EC0-301F-11D3-BF4B-00C04F79EFBC}") = "ConsoleUi", "ConsoleUi\ConsoleUi.csproj", "{49EE3758-FE0A-44A7-AB35-A35AFBFAD17E}"
EndProject
Project("{FAE04EC0-301F-11D3-BF4B-00C04F79EFBC}") = "FizzBuzzLibrary", "FizzBuzzLibrary\FizzBuzzLibrary.csproj", "{A0F590FB-962E-4B8D-B066-F189E2BFF895}"
EndProject
Global
	GlobalSection(SolutionConfigurationPlatforms) = preSolution
		Debug|Any CPU = Debug|Any CPU
		Release|Any CPU = Release|Any CPU
	EndGlobalSection
	GlobalSection(ProjectConfigurationPlatforms) = postSolution
		{9629CF8B-F06E-491B-BAC4-075141CA0AEF}.Debug|Any CPU.ActiveCfg = Debug|Any CPU
		{9629CF8B-F06E-491B-BAC4-075141CA0AEF}.Debug|Any CPU.Build.0 = Debug|Any CPU
		{9629CF8B-F06E-491B-BAC4-075141CA0AEF}.Release|Any CPU.ActiveCfg = Release|Any CPU
		{9629CF8B-F06E-491B-BAC4-075141CA0AEF}.Release|Any CPU.Build.0 = Release|Any CPU
		{49EE3758-FE0A-44A7-AB35-A35AFBFAD17E}.Debug|Any CPU.ActiveCfg = Debug|Any CPU
		{49EE3758-FE0A-44A7-AB35-A35AFBFAD17E}.Debug|Any CPU.Build.0 = Debug|Any CPU
		{49EE3758-FE0A-44A7-AB35-A35AFBFAD17E}.Release|Any CPU.ActiveCfg = Release|Any CPU
		{49EE3758-FE0A-44A7-AB35-A35AFBFAD17E}.Release|Any CPU.Build.0 = Release|Any CPU
		{A0F590FB-962E-4B8D-B066-F189E2BFF895}.Debug|Any CPU.ActiveCfg = Debug|Any CPU
		{A0F590FB-962E-4B8D-B066-F189E2BFF895}.Debug|Any CPU.Build.0 = Debug|Any CPU
		{A0F590FB-962E-4B8D-B066-F189E2BFF895}.Release|Any CPU.ActiveCfg = Release|Any CPU
		{A0F590FB-962E-4B8D-B066-F189E2BFF895}.Release|Any CPU.Build.0 = Release|Any CPU
	EndGlobalSection
	GlobalSection(SolutionProperties) = preSolution
		HideSolutionNode = FALSE
	EndGlobalSection
	GlobalSection(ExtensibilityGlobals) = postSolution
		SolutionGuid = {FF912A73-6261-4796-899C-03D709B11DC2}
	EndGlobalSection
EndGlobal
